
Microsoft Visual Studio Solution File, Format Version 12.00
# Visual Studio Version 16
VisualStudioVersion = 16.0.32630.194
MinimumVisualStudioVersion = 10.0.40219.1
Project("{9A19103F-16F7-4668-BE54-9A1E7A4F7556}") = "Entities", "Entities\Entities.csproj", "{CCC53489-114D-4336-A887-904481C6D021}"
EndProject
Project("{9A19103F-16F7-4668-BE54-9A1E7A4F7556}") = "Business", "Business\Business.csproj", "{4D3DE52F-5AC4-498F-8539-ADAACD8E5300}"
EndProject
Project("{9A19103F-16F7-4668-BE54-9A1E7A4F7556}") = "DataAccess", "DataAccess\DataAccess.csproj", "{4E579607-75D9-4AA2-8DF9-24F48014F269}"
EndProject
Project("{9A19103F-16F7-4668-BE54-9A1E7A4F7556}") = "ConsoleUI", "Console\ConsoleUI.csproj", "{493D25BE-FC13-4154-B16F-3430CA2D526B}"
EndProject
Project("{9A19103F-16F7-4668-BE54-9A1E7A4F7556}") = "Core", "Core\Core.csproj", "{75D1F42C-BEC9-4FDA-9ECD-26E52FEEB8DB}"
EndProject
Project("{FAE04EC0-301F-11D3-BF4B-00C04F79EFBC}") = "WebAPI", "WebAPI\WebAPI.csproj", "{D9863566-9020-4A55-BB02-C3B4231859A2}"
EndProject
Global
	GlobalSection(SolutionConfigurationPlatforms) = preSolution
		Debug|Any CPU = Debug|Any CPU
		Release|Any CPU = Release|Any CPU
	EndGlobalSection
	GlobalSection(ProjectConfigurationPlatforms) = postSolution
		{CCC53489-114D-4336-A887-904481C6D021}.Debug|Any CPU.ActiveCfg = Debug|Any CPU
		{CCC53489-114D-4336-A887-904481C6D021}.Debug|Any CPU.Build.0 = Debug|Any CPU
		{CCC53489-114D-4336-A887-904481C6D021}.Release|Any CPU.ActiveCfg = Release|Any CPU
		{CCC53489-114D-4336-A887-904481C6D021}.Release|Any CPU.Build.0 = Release|Any CPU
		{4D3DE52F-5AC4-498F-8539-ADAACD8E5300}.Debug|Any CPU.ActiveCfg = Debug|Any CPU
		{4D3DE52F-5AC4-498F-8539-ADAACD8E5300}.Debug|Any CPU.Build.0 = Debug|Any CPU
		{4D3DE52F-5AC4-498F-8539-ADAACD8E5300}.Release|Any CPU.ActiveCfg = Release|Any CPU
		{4D3DE52F-5AC4-498F-8539-ADAACD8E5300}.Release|Any CPU.Build.0 = Release|Any CPU
		{4E579607-75D9-4AA2-8DF9-24F48014F269}.Debug|Any CPU.ActiveCfg = Debug|Any CPU
		{4E579607-75D9-4AA2-8DF9-24F48014F269}.Debug|Any CPU.Build.0 = Debug|Any CPU
		{4E579607-75D9-4AA2-8DF9-24F48014F269}.Release|Any CPU.ActiveCfg = Release|Any CPU
		{4E579607-75D9-4AA2-8DF9-24F48014F269}.Release|Any CPU.Build.0 = Release|Any CPU
		{493D25BE-FC13-4154-B16F-3430CA2D526B}.Debug|Any CPU.ActiveCfg = Debug|Any CPU
		{493D25BE-FC13-4154-B16F-3430CA2D526B}.Debug|Any CPU.Build.0 = Debug|Any CPU
		{493D25BE-FC13-4154-B16F-3430CA2D526B}.Release|Any CPU.ActiveCfg = Release|Any CPU
		{493D25BE-FC13-4154-B16F-3430CA2D526B}.Release|Any CPU.Build.0 = Release|Any CPU
		{75D1F42C-BEC9-4FDA-9ECD-26E52FEEB8DB}.Debug|Any CPU.ActiveCfg = Debug|Any CPU
		{75D1F42C-BEC9-4FDA-9ECD-26E52FEEB8DB}.Debug|Any CPU.Build.0 = Debug|Any CPU
		{75D1F42C-BEC9-4FDA-9ECD-26E52FEEB8DB}.Release|Any CPU.ActiveCfg = Release|Any CPU
		{75D1F42C-BEC9-4FDA-9ECD-26E52FEEB8DB}.Release|Any CPU.Build.0 = Release|Any CPU
		{D9863566-9020-4A55-BB02-C3B4231859A2}.Debug|Any CPU.ActiveCfg = Debug|Any CPU
		{D9863566-9020-4A55-BB02-C3B4231859A2}.Debug|Any CPU.Build.0 = Debug|Any CPU
		{D9863566-9020-4A55-BB02-C3B4231859A2}.Release|Any CPU.ActiveCfg = Release|Any CPU
		{D9863566-9020-4A55-BB02-C3B4231859A2}.Release|Any CPU.Build.0 = Release|Any CPU
	EndGlobalSection
	GlobalSection(SolutionProperties) = preSolution
		HideSolutionNode = FALSE
	EndGlobalSection
	GlobalSection(ExtensibilityGlobals) = postSolution
		SolutionGuid = {AA45DD6C-5B2F-4DBF-B9D1-CF7FE226B6CF}
	EndGlobalSection
EndGlobal
